// !$*UTF8*$!
{
	archiveVersion = 1;
	classes = {
	};
	objectVersion = 50;
	objects = {

/* Begin PBXBuildFile section */
		5C31991225B5C07300EB4EC1 /* AppDelegate.swift in Sources */ = {isa = PBXBuildFile; fileRef = 5C31991125B5C07300EB4EC1 /* AppDelegate.swift */; };
		5C31991425B5C07300EB4EC1 /* SceneDelegate.swift in Sources */ = {isa = PBXBuildFile; fileRef = 5C31991325B5C07300EB4EC1 /* SceneDelegate.swift */; };
		5C31991925B5C07300EB4EC1 /* Main.storyboard in Resources */ = {isa = PBXBuildFile; fileRef = 5C31991725B5C07300EB4EC1 /* Main.storyboard */; };
		5C31991B25B5C07400EB4EC1 /* Assets.xcassets in Resources */ = {isa = PBXBuildFile; fileRef = 5C31991A25B5C07400EB4EC1 /* Assets.xcassets */; };
		5C31991E25B5C07400EB4EC1 /* LaunchScreen.storyboard in Resources */ = {isa = PBXBuildFile; fileRef = 5C31991C25B5C07400EB4EC1 /* LaunchScreen.storyboard */; };
		5C31992725B5C08000EB4EC1 /* PlayingCard.swift in Sources */ = {isa = PBXBuildFile; fileRef = 5C31992625B5C08000EB4EC1 /* PlayingCard.swift */; };
		5C7B921E25BF9F0C00E63DF5 /* Int+Ext.swift in Sources */ = {isa = PBXBuildFile; fileRef = 5C7B921D25BF9F0C00E63DF5 /* Int+Ext.swift */; };
		5C7B923925BFFECC00E63DF5 /* KDPlayingCardView.swift in Sources */ = {isa = PBXBuildFile; fileRef = 5C7B923825BFFECC00E63DF5 /* KDPlayingCardView.swift */; };
		5C7B924125C0034B00E63DF5 /* KDCornerLabel.swift in Sources */ = {isa = PBXBuildFile; fileRef = 5C7B924025C0034B00E63DF5 /* KDCornerLabel.swift */; };
		5C7B924E25C007C200E63DF5 /* NSAttributeString+Ext.swift in Sources */ = {isa = PBXBuildFile; fileRef = 5C7B924D25C007C200E63DF5 /* NSAttributeString+Ext.swift */; };
		5C7B925225C042D100E63DF5 /* UIView+Ext.swift in Sources */ = {isa = PBXBuildFile; fileRef = 5C7B925125C042D100E63DF5 /* UIView+Ext.swift */; };
		5C7B926625C0612900E63DF5 /* CGPoint+Ext.swift in Sources */ = {isa = PBXBuildFile; fileRef = 5C7B926525C0612900E63DF5 /* CGPoint+Ext.swift */; };
		5C83D4D525B6FEAD000FFF41 /* PlayingCardDeck.swift in Sources */ = {isa = PBXBuildFile; fileRef = 5C83D4D425B6FEAD000FFF41 /* PlayingCardDeck.swift */; };
		5C83D4D925B70459000FFF41 /* ViewController.swift in Sources */ = {isa = PBXBuildFile; fileRef = 5C83D4D825B70459000FFF41 /* ViewController.swift */; };
		5C9F012A25C1A14D0030E85B /* CGRect+Ext.swift in Sources */ = {isa = PBXBuildFile; fileRef = 5C9F012925C1A14D0030E85B /* CGRect+Ext.swift */; };
		5CB0293925C2D63800E7F8F5 /* ImageConstants.swift in Sources */ = {isa = PBXBuildFile; fileRef = 5CB0293825C2D63800E7F8F5 /* ImageConstants.swift */; };
/* End PBXBuildFile section */

/* Begin PBXFileReference section */
		5C31990E25B5C07300EB4EC1 /* PlayingCard.app */ = {isa = PBXFileReference; explicitFileType = wrapper.application; includeInIndex = 0; path = PlayingCard.app; sourceTree = BUILT_PRODUCTS_DIR; };
		5C31991125B5C07300EB4EC1 /* AppDelegate.swift */ = {isa = PBXFileReference; lastKnownFileType = sourcecode.swift; path = AppDelegate.swift; sourceTree = "<group>"; };
		5C31991325B5C07300EB4EC1 /* SceneDelegate.swift */ = {isa = PBXFileReference; lastKnownFileType = sourcecode.swift; path = SceneDelegate.swift; sourceTree = "<group>"; };
		5C31991825B5C07300EB4EC1 /* Base */ = {isa = PBXFileReference; lastKnownFileType = file.storyboard; name = Base; path = Base.lproj/Main.storyboard; sourceTree = "<group>"; };
		5C31991A25B5C07400EB4EC1 /* Assets.xcassets */ = {isa = PBXFileReference; lastKnownFileType = folder.assetcatalog; path = Assets.xcassets; sourceTree = "<group>"; };
		5C31991D25B5C07400EB4EC1 /* Base */ = {isa = PBXFileReference; lastKnownFileType = file.storyboard; name = Base; path = Base.lproj/LaunchScreen.storyboard; sourceTree = "<group>"; };
		5C31991F25B5C07400EB4EC1 /* Info.plist */ = {isa = PBXFileReference; lastKnownFileType = text.plist.xml; path = Info.plist; sourceTree = "<group>"; };
		5C31992625B5C08000EB4EC1 /* PlayingCard.swift */ = {isa = PBXFileReference; lastKnownFileType = sourcecode.swift; path = PlayingCard.swift; sourceTree = "<group>"; };
		5C7B921D25BF9F0C00E63DF5 /* Int+Ext.swift */ = {isa = PBXFileReference; lastKnownFileType = sourcecode.swift; path = "Int+Ext.swift"; sourceTree = "<group>"; };
		5C7B923825BFFECC00E63DF5 /* KDPlayingCardView.swift */ = {isa = PBXFileReference; lastKnownFileType = sourcecode.swift; path = KDPlayingCardView.swift; sourceTree = "<group>"; wrapsLines = 0; };
		5C7B924025C0034B00E63DF5 /* KDCornerLabel.swift */ = {isa = PBXFileReference; lastKnownFileType = sourcecode.swift; path = KDCornerLabel.swift; sourceTree = "<group>"; };
		5C7B924D25C007C200E63DF5 /* NSAttributeString+Ext.swift */ = {isa = PBXFileReference; lastKnownFileType = sourcecode.swift; path = "NSAttributeString+Ext.swift"; sourceTree = "<group>"; };
		5C7B925125C042D100E63DF5 /* UIView+Ext.swift */ = {isa = PBXFileReference; lastKnownFileType = sourcecode.swift; path = "UIView+Ext.swift"; sourceTree = "<group>"; };
		5C7B926525C0612900E63DF5 /* CGPoint+Ext.swift */ = {isa = PBXFileReference; lastKnownFileType = sourcecode.swift; path = "CGPoint+Ext.swift"; sourceTree = "<group>"; };
		5C83D4D425B6FEAD000FFF41 /* PlayingCardDeck.swift */ = {isa = PBXFileReference; lastKnownFileType = sourcecode.swift; path = PlayingCardDeck.swift; sourceTree = "<group>"; };
		5C83D4D825B70459000FFF41 /* ViewController.swift */ = {isa = PBXFileReference; lastKnownFileType = sourcecode.swift; path = ViewController.swift; sourceTree = "<group>"; };
		5C9F012925C1A14D0030E85B /* CGRect+Ext.swift */ = {isa = PBXFileReference; lastKnownFileType = sourcecode.swift; path = "CGRect+Ext.swift"; sourceTree = "<group>"; };
		5CB0293825C2D63800E7F8F5 /* ImageConstants.swift */ = {isa = PBXFileReference; lastKnownFileType = sourcecode.swift; path = ImageConstants.swift; sourceTree = "<group>"; };
/* End PBXFileReference section */

/* Begin PBXFrameworksBuildPhase section */
		5C31990B25B5C07300EB4EC1 /* Frameworks */ = {
			isa = PBXFrameworksBuildPhase;
			buildActionMask = 2147483647;
			files = (
			);
			runOnlyForDeploymentPostprocessing = 0;
		};
/* End PBXFrameworksBuildPhase section */

/* Begin PBXGroup section */
		5C31990525B5C07300EB4EC1 = {
			isa = PBXGroup;
			children = (
				5C31991025B5C07300EB4EC1 /* PlayingCard */,
				5C31990F25B5C07300EB4EC1 /* Products */,
			);
			sourceTree = "<group>";
		};
		5C31990F25B5C07300EB4EC1 /* Products */ = {
			isa = PBXGroup;
			children = (
				5C31990E25B5C07300EB4EC1 /* PlayingCard.app */,
			);
			name = Products;
			sourceTree = "<group>";
		};
		5C31991025B5C07300EB4EC1 /* PlayingCard */ = {
			isa = PBXGroup;
			children = (
				5C31992B25B5C0E900EB4EC1 /* Supporting Files */,
				5C7433D025C3F7FD009CD684 /* Ultilities */,
				5C31992925B5C08300EB4EC1 /* Models */,
				5C7B923125BFFB7500E63DF5 /* Extensions */,
				5C7B923625BFFE9E00E63DF5 /* Storyboards */,
				5C7B923B25BFFED000E63DF5 /* Custom Views */,
				5C7B923425BFFE9300E63DF5 /* Screens */,
				5C31991A25B5C07400EB4EC1 /* Assets.xcassets */,
				5C31991F25B5C07400EB4EC1 /* Info.plist */,
			);
			path = PlayingCard;
			sourceTree = "<group>";
		};
		5C31992925B5C08300EB4EC1 /* Models */ = {
			isa = PBXGroup;
			children = (
				5C83D4D425B6FEAD000FFF41 /* PlayingCardDeck.swift */,
				5C31992625B5C08000EB4EC1 /* PlayingCard.swift */,
			);
			path = Models;
			sourceTree = "<group>";
		};
		5C31992B25B5C0E900EB4EC1 /* Supporting Files */ = {
			isa = PBXGroup;
			children = (
				5C31991125B5C07300EB4EC1 /* AppDelegate.swift */,
				5C31991325B5C07300EB4EC1 /* SceneDelegate.swift */,
				5C31991C25B5C07400EB4EC1 /* LaunchScreen.storyboard */,
			);
			path = "Supporting Files";
			sourceTree = "<group>";
		};
		5C7433D025C3F7FD009CD684 /* Ultilities */ = {
			isa = PBXGroup;
			children = (
				5CB0293825C2D63800E7F8F5 /* ImageConstants.swift */,
			);
			path = Ultilities;
			sourceTree = "<group>";
		};
		5C7B923125BFFB7500E63DF5 /* Extensions */ = {
			isa = PBXGroup;
			children = (
				5C7B925525C05FCF00E63DF5 /* Int */,
				5C7B925725C05FD300E63DF5 /* NSAttributeString */,
				5C7B925A25C05FE400E63DF5 /* UIView */,
				5C7B926925C0613E00E63DF5 /* CGPoint */,
				5C9F012C25C1A14F0030E85B /* CGRect */,
			);
			path = Extensions;
			sourceTree = "<group>";
		};
		5C7B923425BFFE9300E63DF5 /* Screens */ = {
			isa = PBXGroup;
			children = (
				5C83D4D825B70459000FFF41 /* ViewController.swift */,
			);
			path = Screens;
			sourceTree = "<group>";
		};
		5C7B923625BFFE9E00E63DF5 /* Storyboards */ = {
			isa = PBXGroup;
			children = (
				5C31991725B5C07300EB4EC1 /* Main.storyboard */,
			);
			path = Storyboards;
			sourceTree = "<group>";
		};
		5C7B923B25BFFED000E63DF5 /* Custom Views */ = {
			isa = PBXGroup;
			children = (
				5C7B924525C0055700E63DF5 /* Card View */,
			);
			path = "Custom Views";
			sourceTree = "<group>";
		};
		5C7B924525C0055700E63DF5 /* Card View */ = {
			isa = PBXGroup;
			children = (
				5C7B924925C005DE00E63DF5 /* Label */,
				5C7B924B25C005E300E63DF5 /* View */,
			);
			path = "Card View";
			sourceTree = "<group>";
		};
		5C7B924925C005DE00E63DF5 /* Label */ = {
			isa = PBXGroup;
			children = (
				5C7B924025C0034B00E63DF5 /* KDCornerLabel.swift */,
			);
			path = Label;
			sourceTree = "<group>";
		};
		5C7B924B25C005E300E63DF5 /* View */ = {
			isa = PBXGroup;
			children = (
				5C7B923825BFFECC00E63DF5 /* KDPlayingCardView.swift */,
			);
			path = View;
			sourceTree = "<group>";
		};
		5C7B925525C05FCF00E63DF5 /* Int */ = {
			isa = PBXGroup;
			children = (
				5C7B921D25BF9F0C00E63DF5 /* Int+Ext.swift */,
			);
			path = Int;
			sourceTree = "<group>";
		};
		5C7B925725C05FD300E63DF5 /* NSAttributeString */ = {
			isa = PBXGroup;
			children = (
				5C7B924D25C007C200E63DF5 /* NSAttributeString+Ext.swift */,
			);
			path = NSAttributeString;
			sourceTree = "<group>";
		};
		5C7B925A25C05FE400E63DF5 /* UIView */ = {
			isa = PBXGroup;
			children = (
				5C7B925125C042D100E63DF5 /* UIView+Ext.swift */,
			);
			path = UIView;
			sourceTree = "<group>";
		};
		5C7B926925C0613E00E63DF5 /* CGPoint */ = {
			isa = PBXGroup;
			children = (
				5C7B926525C0612900E63DF5 /* CGPoint+Ext.swift */,
			);
			path = CGPoint;
			sourceTree = "<group>";
		};
		5C9F012C25C1A14F0030E85B /* CGRect */ = {
			isa = PBXGroup;
			children = (
				5C9F012925C1A14D0030E85B /* CGRect+Ext.swift */,
			);
			path = CGRect;
			sourceTree = "<group>";
		};
/* End PBXGroup section */

/* Begin PBXNativeTarget section */
		5C31990D25B5C07300EB4EC1 /* PlayingCard */ = {
			isa = PBXNativeTarget;
			buildConfigurationList = 5C31992225B5C07400EB4EC1 /* Build configuration list for PBXNativeTarget "PlayingCard" */;
			buildPhases = (
				5C31990A25B5C07300EB4EC1 /* Sources */,
				5C31990B25B5C07300EB4EC1 /* Frameworks */,
				5C31990C25B5C07300EB4EC1 /* Resources */,
			);
			buildRules = (
			);
			dependencies = (
			);
			name = PlayingCard;
			productName = PlayingCard;
			productReference = 5C31990E25B5C07300EB4EC1 /* PlayingCard.app */;
			productType = "com.apple.product-type.application";
		};
/* End PBXNativeTarget section */

/* Begin PBXProject section */
		5C31990625B5C07300EB4EC1 /* Project object */ = {
			isa = PBXProject;
			attributes = {
				LastSwiftUpdateCheck = 1230;
				LastUpgradeCheck = 1230;
				TargetAttributes = {
					5C31990D25B5C07300EB4EC1 = {
						CreatedOnToolsVersion = 12.3;
					};
				};
			};
			buildConfigurationList = 5C31990925B5C07300EB4EC1 /* Build configuration list for PBXProject "PlayingCard" */;
			compatibilityVersion = "Xcode 9.3";
			developmentRegion = en;
			hasScannedForEncodings = 0;
			knownRegions = (
				en,
				Base,
			);
			mainGroup = 5C31990525B5C07300EB4EC1;
			productRefGroup = 5C31990F25B5C07300EB4EC1 /* Products */;
			projectDirPath = "";
			projectRoot = "";
			targets = (
				5C31990D25B5C07300EB4EC1 /* PlayingCard */,
			);
		};
/* End PBXProject section */

/* Begin PBXResourcesBuildPhase section */
		5C31990C25B5C07300EB4EC1 /* Resources */ = {
			isa = PBXResourcesBuildPhase;
			buildActionMask = 2147483647;
			files = (
				5C31991E25B5C07400EB4EC1 /* LaunchScreen.storyboard in Resources */,
				5C31991B25B5C07400EB4EC1 /* Assets.xcassets in Resources */,
				5C31991925B5C07300EB4EC1 /* Main.storyboard in Resources */,
			);
			runOnlyForDeploymentPostprocessing = 0;
		};
/* End PBXResourcesBuildPhase section */

/* Begin PBXSourcesBuildPhase section */
		5C31990A25B5C07300EB4EC1 /* Sources */ = {
			isa = PBXSourcesBuildPhase;
			buildActionMask = 2147483647;
			files = (
				5C83D4D925B70459000FFF41 /* ViewController.swift in Sources */,
				5C7B923925BFFECC00E63DF5 /* KDPlayingCardView.swift in Sources */,
				5C7B926625C0612900E63DF5 /* CGPoint+Ext.swift in Sources */,
				5C7B925225C042D100E63DF5 /* UIView+Ext.swift in Sources */,
				5C31991225B5C07300EB4EC1 /* AppDelegate.swift in Sources */,
				5C83D4D525B6FEAD000FFF41 /* PlayingCardDeck.swift in Sources */,
				5C7B924E25C007C200E63DF5 /* NSAttributeString+Ext.swift in Sources */,
				5C9F012A25C1A14D0030E85B /* CGRect+Ext.swift in Sources */,
				5C31992725B5C08000EB4EC1 /* PlayingCard.swift in Sources */,
				5C31991425B5C07300EB4EC1 /* SceneDelegate.swift in Sources */,
				5C7B921E25BF9F0C00E63DF5 /* Int+Ext.swift in Sources */,
				5CB0293925C2D63800E7F8F5 /* ImageConstants.swift in Sources */,
				5C7B924125C0034B00E63DF5 /* KDCornerLabel.swift in Sources */,
			);
			runOnlyForDeploymentPostprocessing = 0;
		};
/* End PBXSourcesBuildPhase section */

/* Begin PBXVariantGroup section */
		5C31991725B5C07300EB4EC1 /* Main.storyboard */ = {
			isa = PBXVariantGroup;
			children = (
				5C31991825B5C07300EB4EC1 /* Base */,
			);
			name = Main.storyboard;
			sourceTree = "<group>";
		};
		5C31991C25B5C07400EB4EC1 /* LaunchScreen.storyboard */ = {
			isa = PBXVariantGroup;
			children = (
				5C31991D25B5C07400EB4EC1 /* Base */,
			);
			name = LaunchScreen.storyboard;
			sourceTree = "<group>";
		};
/* End PBXVariantGroup section */

/* Begin XCBuildConfiguration section */
		5C31992025B5C07400EB4EC1 /* Debug */ = {
			isa = XCBuildConfiguration;
			buildSettings = {
				ALWAYS_SEARCH_USER_PATHS = NO;
				CLANG_ANALYZER_NONNULL = YES;
				CLANG_ANALYZER_NUMBER_OBJECT_CONVERSION = YES_AGGRESSIVE;
				CLANG_CXX_LANGUAGE_STANDARD = "gnu++14";
				CLANG_CXX_LIBRARY = "libc++";
				CLANG_ENABLE_MODULES = YES;
				CLANG_ENABLE_OBJC_ARC = YES;
				CLANG_ENABLE_OBJC_WEAK = YES;
				CLANG_WARN_BLOCK_CAPTURE_AUTORELEASING = YES;
				CLANG_WARN_BOOL_CONVERSION = YES;
				CLANG_WARN_COMMA = YES;
				CLANG_WARN_CONSTANT_CONVERSION = YES;
				CLANG_WARN_DEPRECATED_OBJC_IMPLEMENTATIONS = YES;
				CLANG_WARN_DIRECT_OBJC_ISA_USAGE = YES_ERROR;
				CLANG_WARN_DOCUMENTATION_COMMENTS = YES;
				CLANG_WARN_EMPTY_BODY = YES;
				CLANG_WARN_ENUM_CONVERSION = YES;
				CLANG_WARN_INFINITE_RECURSION = YES;
				CLANG_WARN_INT_CONVERSION = YES;
				CLANG_WARN_NON_LITERAL_NULL_CONVERSION = YES;
				CLANG_WARN_OBJC_IMPLICIT_RETAIN_SELF = YES;
				CLANG_WARN_OBJC_LITERAL_CONVERSION = YES;
				CLANG_WARN_OBJC_ROOT_CLASS = YES_ERROR;
				CLANG_WARN_QUOTED_INCLUDE_IN_FRAMEWORK_HEADER = YES;
				CLANG_WARN_RANGE_LOOP_ANALYSIS = YES;
				CLANG_WARN_STRICT_PROTOTYPES = YES;
				CLANG_WARN_SUSPICIOUS_MOVE = YES;
				CLANG_WARN_UNGUARDED_AVAILABILITY = YES_AGGRESSIVE;
				CLANG_WARN_UNREACHABLE_CODE = YES;
				CLANG_WARN__DUPLICATE_METHOD_MATCH = YES;
				COPY_PHASE_STRIP = NO;
				DEBUG_INFORMATION_FORMAT = dwarf;
				ENABLE_STRICT_OBJC_MSGSEND = YES;
				ENABLE_TESTABILITY = YES;
				GCC_C_LANGUAGE_STANDARD = gnu11;
				GCC_DYNAMIC_NO_PIC = NO;
				GCC_NO_COMMON_BLOCKS = YES;
				GCC_OPTIMIZATION_LEVEL = 0;
				GCC_PREPROCESSOR_DEFINITIONS = (
					"DEBUG=1",
					"$(inherited)",
				);
				GCC_WARN_64_TO_32_BIT_CONVERSION = YES;
				GCC_WARN_ABOUT_RETURN_TYPE = YES_ERROR;
				GCC_WARN_UNDECLARED_SELECTOR = YES;
				GCC_WARN_UNINITIALIZED_AUTOS = YES_AGGRESSIVE;
				GCC_WARN_UNUSED_FUNCTION = YES;
				GCC_WARN_UNUSED_VARIABLE = YES;
				IPHONEOS_DEPLOYMENT_TARGET = 14.3;
				MTL_ENABLE_DEBUG_INFO = INCLUDE_SOURCE;
				MTL_FAST_MATH = YES;
				ONLY_ACTIVE_ARCH = YES;
				SDKROOT = iphoneos;
				SWIFT_ACTIVE_COMPILATION_CONDITIONS = DEBUG;
				SWIFT_OPTIMIZATION_LEVEL = "-Onone";
			};
			name = Debug;
		};
		5C31992125B5C07400EB4EC1 /* Release */ = {
			isa = XCBuildConfiguration;
			buildSettings = {
				ALWAYS_SEARCH_USER_PATHS = NO;
				CLANG_ANALYZER_NONNULL = YES;
				CLANG_ANALYZER_NUMBER_OBJECT_CONVERSION = YES_AGGRESSIVE;
				CLANG_CXX_LANGUAGE_STANDARD = "gnu++14";
				CLANG_CXX_LIBRARY = "libc++";
				CLANG_ENABLE_MODULES = YES;
				CLANG_ENABLE_OBJC_ARC = YES;
				CLANG_ENABLE_OBJC_WEAK = YES;
				CLANG_WARN_BLOCK_CAPTURE_AUTORELEASING = YES;
				CLANG_WARN_BOOL_CONVERSION = YES;
				CLANG_WARN_COMMA = YES;
				CLANG_WARN_CONSTANT_CONVERSION = YES;
				CLANG_WARN_DEPRECATED_OBJC_IMPLEMENTATIONS = YES;
				CLANG_WARN_DIRECT_OBJC_ISA_USAGE = YES_ERROR;
				CLANG_WARN_DOCUMENTATION_COMMENTS = YES;
				CLANG_WARN_EMPTY_BODY = YES;
				CLANG_WARN_ENUM_CONVERSION = YES;
				CLANG_WARN_INFINITE_RECURSION = YES;
				CLANG_WARN_INT_CONVERSION = YES;
				CLANG_WARN_NON_LITERAL_NULL_CONVERSION = YES;
				CLANG_WARN_OBJC_IMPLICIT_RETAIN_SELF = YES;
				CLANG_WARN_OBJC_LITERAL_CONVERSION = YES;
				CLANG_WARN_OBJC_ROOT_CLASS = YES_ERROR;
				CLANG_WARN_QUOTED_INCLUDE_IN_FRAMEWORK_HEADER = YES;
				CLANG_WARN_RANGE_LOOP_ANALYSIS = YES;
				CLANG_WARN_STRICT_PROTOTYPES = YES;
				CLANG_WARN_SUSPICIOUS_MOVE = YES;
				CLANG_WARN_UNGUARDED_AVAILABILITY = YES_AGGRESSIVE;
				CLANG_WARN_UNREACHABLE_CODE = YES;
				CLANG_WARN__DUPLICATE_METHOD_MATCH = YES;
				COPY_PHASE_STRIP = NO;
				DEBUG_INFORMATION_FORMAT = "dwarf-with-dsym";
				ENABLE_NS_ASSERTIONS = NO;
				ENABLE_STRICT_OBJC_MSGSEND = YES;
				GCC_C_LANGUAGE_STANDARD = gnu11;
				GCC_NO_COMMON_BLOCKS = YES;
				GCC_WARN_64_TO_32_BIT_CONVERSION = YES;
				GCC_WARN_ABOUT_RETURN_TYPE = YES_ERROR;
				GCC_WARN_UNDECLARED_SELECTOR = YES;
				GCC_WARN_UNINITIALIZED_AUTOS = YES_AGGRESSIVE;
				GCC_WARN_UNUSED_FUNCTION = YES;
				GCC_WARN_UNUSED_VARIABLE = YES;
				IPHONEOS_DEPLOYMENT_TARGET = 14.3;
				MTL_ENABLE_DEBUG_INFO = NO;
				MTL_FAST_MATH = YES;
				SDKROOT = iphoneos;
				SWIFT_COMPILATION_MODE = wholemodule;
				SWIFT_OPTIMIZATION_LEVEL = "-O";
				VALIDATE_PRODUCT = YES;
			};
			name = Release;
		};
		5C31992325B5C07400EB4EC1 /* Debug */ = {
			isa = XCBuildConfiguration;
			buildSettings = {
				ASSETCATALOG_COMPILER_APPICON_NAME = AppIcon;
				ASSETCATALOG_COMPILER_GLOBAL_ACCENT_COLOR_NAME = AccentColor;
				CODE_SIGN_STYLE = Automatic;
				DEVELOPMENT_TEAM = 7M992VXZG5;
				INFOPLIST_FILE = PlayingCard/Info.plist;
				LD_RUNPATH_SEARCH_PATHS = (
					"$(inherited)",
					"@executable_path/Frameworks",
				);
				PRODUCT_BUNDLE_IDENTIFIER = com.Vukimduy.PlayingCard;
				PRODUCT_NAME = "$(TARGET_NAME)";
				SWIFT_VERSION = 5.0;
				TARGETED_DEVICE_FAMILY = "1,2";
			};
			name = Debug;
		};
		5C31992425B5C07400EB4EC1 /* Release */ = {
			isa = XCBuildConfiguration;
			buildSettings = {
				ASSETCATALOG_COMPILER_APPICON_NAME = AppIcon;
				ASSETCATALOG_COMPILER_GLOBAL_ACCENT_COLOR_NAME = AccentColor;
				CODE_SIGN_STYLE = Automatic;
				DEVELOPMENT_TEAM = 7M992VXZG5;
				INFOPLIST_FILE = PlayingCard/Info.plist;
				LD_RUNPATH_SEARCH_PATHS = (
					"$(inherited)",
					"@executable_path/Frameworks",
				);
				PRODUCT_BUNDLE_IDENTIFIER = com.Vukimduy.PlayingCard;
				PRODUCT_NAME = "$(TARGET_NAME)";
				SWIFT_VERSION = 5.0;
				TARGETED_DEVICE_FAMILY = "1,2";
			};
			name = Release;
		};
/* End XCBuildConfiguration section */

/* Begin XCConfigurationList section */
		5C31990925B5C07300EB4EC1 /* Build configuration list for PBXProject "PlayingCard" */ = {
			isa = XCConfigurationList;
			buildConfigurations = (
				5C31992025B5C07400EB4EC1 /* Debug */,
				5C31992125B5C07400EB4EC1 /* Release */,
			);
			defaultConfigurationIsVisible = 0;
			defaultConfigurationName = Release;
		};
		5C31992225B5C07400EB4EC1 /* Build configuration list for PBXNativeTarget "PlayingCard" */ = {
			isa = XCConfigurationList;
			buildConfigurations = (
				5C31992325B5C07400EB4EC1 /* Debug */,
				5C31992425B5C07400EB4EC1 /* Release */,
			);
			defaultConfigurationIsVisible = 0;
			defaultConfigurationName = Release;
		};
/* End XCConfigurationList section */
	};
	rootObject = 5C31990625B5C07300EB4EC1 /* Project object */;
}
